// !$*UTF8*$!
{
	archiveVersion = 1;
	classes = {
	};
	objectVersion = 46;
	objects = {

/* Begin PBXBuildFile section */
		B227310E1E82C6E200F370EB /* AppDelegate.swift in Sources */ = {isa = PBXBuildFile; fileRef = B227310D1E82C6E200F370EB /* AppDelegate.swift */; };
		B22731101E82C6E200F370EB /* ViewController.swift in Sources */ = {isa = PBXBuildFile; fileRef = B227310F1E82C6E200F370EB /* ViewController.swift */; };
		B22731131E82C6E200F370EB /* Main.storyboard in Resources */ = {isa = PBXBuildFile; fileRef = B22731111E82C6E200F370EB /* Main.storyboard */; };
		B22731151E82C6E200F370EB /* Assets.xcassets in Resources */ = {isa = PBXBuildFile; fileRef = B22731141E82C6E200F370EB /* Assets.xcassets */; };
		B22731181E82C6E200F370EB /* LaunchScreen.storyboard in Resources */ = {isa = PBXBuildFile; fileRef = B22731161E82C6E200F370EB /* LaunchScreen.storyboard */; };
/* End PBXBuildFile section */

/* Begin PBXFileReference section */
		B227310A1E82C6E200F370EB /* BinaryCounter.app */ = {isa = PBXFileReference; explicitFileType = wrapper.application; includeInIndex = 0; path = BinaryCounter.app; sourceTree = BUILT_PRODUCTS_DIR; };
		B227310D1E82C6E200F370EB /* AppDelegate.swift */ = {isa = PBXFileReference; lastKnownFileType = sourcecode.swift; path = AppDelegate.swift; sourceTree = "<group>"; };
		B227310F1E82C6E200F370EB /* ViewController.swift */ = {isa = PBXFileReference; lastKnownFileType = sourcecode.swift; path = ViewController.swift; sourceTree = "<group>"; };
		B22731121E82C6E200F370EB /* Base */ = {isa = PBXFileReference; lastKnownFileType = file.storyboard; name = Base; path = Base.lproj/Main.storyboard; sourceTree = "<group>"; };
		B22731141E82C6E200F370EB /* Assets.xcassets */ = {isa = PBXFileReference; lastKnownFileType = folder.assetcatalog; path = Assets.xcassets; sourceTree = "<group>"; };
		B22731171E82C6E200F370EB /* Base */ = {isa = PBXFileReference; lastKnownFileType = file.storyboard; name = Base; path = Base.lproj/LaunchScreen.storyboard; sourceTree = "<group>"; };
		B22731191E82C6E200F370EB /* Info.plist */ = {isa = PBXFileReference; lastKnownFileType = text.plist.xml; path = Info.plist; sourceTree = "<group>"; };
/* End PBXFileReference section */

/* Begin PBXFrameworksBuildPhase section */
		B22731071E82C6E100F370EB /* Frameworks */ = {
			isa = PBXFrameworksBuildPhase;
			buildActionMask = 2147483647;
			files = (
			);
			runOnlyForDeploymentPostprocessing = 0;
		};
/* End PBXFrameworksBuildPhase section */

/* Begin PBXGroup section */
		B22731011E82C6E100F370EB = {
			isa = PBXGroup;
			children = (
				B227310C1E82C6E200F370EB /* BinaryCounter */,
				B227310B1E82C6E200F370EB /* Products */,
			);
			sourceTree = "<group>";
		};
		B227310B1E82C6E200F370EB /* Products */ = {
			isa = PBXGroup;
			children = (
				B227310A1E82C6E200F370EB /* BinaryCounter.app */,
			);
			name = Products;
			sourceTree = "<group>";
		};
		B227310C1E82C6E200F370EB /* BinaryCounter */ = {
			isa = PBXGroup;
			children = (
				B227310D1E82C6E200F370EB /* AppDelegate.swift */,
				B227310F1E82C6E200F370EB /* ViewController.swift */,
				B22731111E82C6E200F370EB /* Main.storyboard */,
				B22731141E82C6E200F370EB /* Assets.xcassets */,
				B22731161E82C6E200F370EB /* LaunchScreen.storyboard */,
				B22731191E82C6E200F370EB /* Info.plist */,
			);
			path = BinaryCounter;
			sourceTree = "<group>";
		};
/* End PBXGroup section */

/* Begin PBXNativeTarget section */
		B22731091E82C6E100F370EB /* BinaryCounter */ = {
			isa = PBXNativeTarget;
			buildConfigurationList = B227311C1E82C6E200F370EB /* Build configuration list for PBXNativeTarget "BinaryCounter" */;
			buildPhases = (
				B22731061E82C6E100F370EB /* Sources */,
				B22731071E82C6E100F370EB /* Frameworks */,
				B22731081E82C6E100F370EB /* Resources */,
			);
			buildRules = (
			);
			dependencies = (
			);
			name = BinaryCounter;
			productName = BinaryCounter;
			productReference = B227310A1E82C6E200F370EB /* BinaryCounter.app */;
			productType = "com.apple.product-type.application";
		};
/* End PBXNativeTarget section */

/* Begin PBXProject section */
		B22731021E82C6E100F370EB /* Project object */ = {
			isa = PBXProject;
			attributes = {
				LastSwiftUpdateCheck = 0820;
				LastUpgradeCheck = 0820;
				ORGANIZATIONNAME = "Jonathan Salin Lee";
				TargetAttributes = {
					B22731091E82C6E100F370EB = {
						CreatedOnToolsVersion = 8.2.1;
						DevelopmentTeam = K7HCY2VAD5;
						ProvisioningStyle = Automatic;
					};
				};
			};
			buildConfigurationList = B22731051E82C6E100F370EB /* Build configuration list for PBXProject "BinaryCounter" */;
			compatibilityVersion = "Xcode 3.2";
			developmentRegion = English;
			hasScannedForEncodings = 0;
			knownRegions = (
				en,
				Base,
			);
			mainGroup = B22731011E82C6E100F370EB;
			productRefGroup = B227310B1E82C6E200F370EB /* Products */;
			projectDirPath = "";
			projectRoot = "";
			targets = (
				B22731091E82C6E100F370EB /* BinaryCounter */,
			);
		};
/* End PBXProject section */

/* Begin PBXResourcesBuildPhase section */
		B22731081E82C6E100F370EB /* Resources */ = {
			isa = PBXResourcesBuildPhase;
			buildActionMask = 2147483647;
			files = (
				B22731181E82C6E200F370EB /* LaunchScreen.storyboard in Resources */,
				B22731151E82C6E200F370EB /* Assets.xcassets in Resources */,
				B22731131E82C6E200F370EB /* Main.storyboard in Resources */,
			);
			runOnlyForDeploymentPostprocessing = 0;
		};
/* End PBXResourcesBuildPhase section */

/* Begin PBXSourcesBuildPhase section */
		B22731061E82C6E100F370EB /* Sources */ = {
			isa = PBXSourcesBuildPhase;
			buildActionMask = 2147483647;
			files = (
				B22731101E82C6E200F370EB /* ViewController.swift in Sources */,
				B227310E1E82C6E200F370EB /* AppDelegate.swift in Sources */,
			);
			runOnlyForDeploymentPostprocessing = 0;
		};
/* End PBXSourcesBuildPhase section */

/* Begin PBXVariantGroup section */
		B22731111E82C6E200F370EB /* Main.storyboard */ = {
			isa = PBXVariantGroup;
			children = (
				B22731121E82C6E200F370EB /* Base */,
			);
			name = Main.storyboard;
			sourceTree = "<group>";
		};
		B22731161E82C6E200F370EB /* LaunchScreen.storyboard */ = {
			isa = PBXVariantGroup;
			children = (
				B22731171E82C6E200F370EB /* Base */,
			);
			name = LaunchScreen.storyboard;
			sourceTree = "<group>";
		};
/* End PBXVariantGroup section */

/* Begin XCBuildConfiguration section */
		B227311A1E82C6E200F370EB /* Debug */ = {
			isa = XCBuildConfiguration;
			buildSettings = {
				ALWAYS_SEARCH_USER_PATHS = NO;
				CLANG_ANALYZER_NONNULL = YES;
				CLANG_CXX_LANGUAGE_STANDARD = "gnu++0x";
				CLANG_CXX_LIBRARY = "libc++";
				CLANG_ENABLE_MODULES = YES;
				CLANG_ENABLE_OBJC_ARC = YES;
				CLANG_WARN_BOOL_CONVERSION = YES;
				CLANG_WARN_CONSTANT_CONVERSION = YES;
				CLANG_WARN_DIRECT_OBJC_ISA_USAGE = YES_ERROR;
				CLANG_WARN_DOCUMENTATION_COMMENTS = YES;
				CLANG_WARN_EMPTY_BODY = YES;
				CLANG_WARN_ENUM_CONVERSION = YES;
				CLANG_WARN_INFINITE_RECURSION = YES;
				CLANG_WARN_INT_CONVERSION = YES;
				CLANG_WARN_OBJC_ROOT_CLASS = YES_ERROR;
				CLANG_WARN_SUSPICIOUS_MOVE = YES;
				CLANG_WARN_UNREACHABLE_CODE = YES;
				CLANG_WARN__DUPLICATE_METHOD_MATCH = YES;
				"CODE_SIGN_IDENTITY[sdk=iphoneos*]" = "iPhone Developer";
				COPY_PHASE_STRIP = NO;
				DEBUG_INFORMATION_FORMAT = dwarf;
				ENABLE_STRICT_OBJC_MSGSEND = YES;
				ENABLE_TESTABILITY = YES;
				GCC_C_LANGUAGE_STANDARD = gnu99;
				GCC_DYNAMIC_NO_PIC = NO;
				GCC_NO_COMMON_BLOCKS = YES;
				GCC_OPTIMIZATION_LEVEL = 0;
				GCC_PREPROCESSOR_DEFINITIONS = (
					"DEBUG=1",
					"$(inherited)",
				);
				GCC_WARN_64_TO_32_BIT_CONVERSION = YES;
				GCC_WARN_ABOUT_RETURN_TYPE = YES_ERROR;
				GCC_WARN_UNDECLARED_SELECTOR = YES;
				GCC_WARN_UNINITIALIZED_AUTOS = YES_AGGRESSIVE;
				GCC_WARN_UNUSED_FUNCTION = YES;
				GCC_WARN_UNUSED_VARIABLE = YES;
				IPHONEOS_DEPLOYMENT_TARGET = 10.2;
				MTL_ENABLE_DEBUG_INFO = YES;
				ONLY_ACTIVE_ARCH = YES;
				SDKROOT = iphoneos;
				SWIFT_ACTIVE_COMPILATION_CONDITIONS = DEBUG;
				SWIFT_OPTIMIZATION_LEVEL = "-Onone";
				TARGETED_DEVICE_FAMILY = "1,2";
			};
			name = Debug;
		};
		B227311B1E82C6E200F370EB /* Release */ = {
			isa = XCBuildConfiguration;
			buildSettings = {
				ALWAYS_SEARCH_USER_PATHS = NO;
				CLANG_ANALYZER_NONNULL = YES;
				CLANG_CXX_LANGUAGE_STANDARD = "gnu++0x";
				CLANG_CXX_LIBRARY = "libc++";
				CLANG_ENABLE_MODULES = YES;
				CLANG_ENABLE_OBJC_ARC = YES;
				CLANG_WARN_BOOL_CONVERSION = YES;
				CLANG_WARN_CONSTANT_CONVERSION = YES;
				CLANG_WARN_DIRECT_OBJC_ISA_USAGE = YES_ERROR;
				CLANG_WARN_DOCUMENTATION_COMMENTS = YES;
				CLANG_WARN_EMPTY_BODY = YES;
				CLANG_WARN_ENUM_CONVERSION = YES;
				CLANG_WARN_INFINITE_RECURSION = YES;
				CLANG_WARN_INT_CONVERSION = YES;
				CLANG_WARN_OBJC_ROOT_CLASS = YES_ERROR;
				CLANG_WARN_SUSPICIOUS_MOVE = YES;
				CLANG_WARN_UNREACHABLE_CODE = YES;
				CLANG_WARN__DUPLICATE_METHOD_MATCH = YES;
				"CODE_SIGN_IDENTITY[sdk=iphoneos*]" = "iPhone Developer";
				COPY_PHASE_STRIP = NO;
				DEBUG_INFORMATION_FORMAT = "dwarf-with-dsym";
				ENABLE_NS_ASSERTIONS = NO;
				ENABLE_STRICT_OBJC_MSGSEND = YES;
				GCC_C_LANGUAGE_STANDARD = gnu99;
				GCC_NO_COMMON_BLOCKS = YES;
				GCC_WARN_64_TO_32_BIT_CONVERSION = YES;
				GCC_WARN_ABOUT_RETURN_TYPE = YES_ERROR;
				GCC_WARN_UNDECLARED_SELECTOR = YES;
				GCC_WARN_UNINITIALIZED_AUTOS = YES_AGGRESSIVE;
				GCC_WARN_UNUSED_FUNCTION = YES;
				GCC_WARN_UNUSED_VARIABLE = YES;
				IPHONEOS_DEPLOYMENT_TARGET = 10.2;
				MTL_ENABLE_DEBUG_INFO = NO;
				SDKROOT = iphoneos;
				SWIFT_OPTIMIZATION_LEVEL = "-Owholemodule";
				TARGETED_DEVICE_FAMILY = "1,2";
				VALIDATE_PRODUCT = YES;
			};
			name = Release;
		};
		B227311D1E82C6E200F370EB /* Debug */ = {
			isa = XCBuildConfiguration;
			buildSettings = {
				ASSETCATALOG_COMPILER_APPICON_NAME = AppIcon;
				DEVELOPMENT_TEAM = K7HCY2VAD5;
				INFOPLIST_FILE = BinaryCounter/Info.plist;
				LD_RUNPATH_SEARCH_PATHS = "$(inherited) @executable_path/Frameworks";
				PRODUCT_BUNDLE_IDENTIFIER = com.SalinStudios.BinaryCounter;
				PRODUCT_NAME = "$(TARGET_NAME)";
				SWIFT_VERSION = 3.0;
			};
			name = Debug;
		};
		B227311E1E82C6E200F370EB /* Release */ = {
			isa = XCBuildConfiguration;
			buildSettings = {
				ASSETCATALOG_COMPILER_APPICON_NAME = AppIcon;
				DEVELOPMENT_TEAM = K7HCY2VAD5;
				INFOPLIST_FILE = BinaryCounter/Info.plist;
				LD_RUNPATH_SEARCH_PATHS = "$(inherited) @executable_path/Frameworks";
				PRODUCT_BUNDLE_IDENTIFIER = com.SalinStudios.BinaryCounter;
				PRODUCT_NAME = "$(TARGET_NAME)";
				SWIFT_VERSION = 3.0;
			};
			name = Release;
		};
/* End XCBuildConfiguration section */

/* Begin XCConfigurationList section */
		B22731051E82C6E100F370EB /* Build configuration list for PBXProject "BinaryCounter" */ = {
			isa = XCConfigurationList;
			buildConfigurations = (
				B227311A1E82C6E200F370EB /* Debug */,
				B227311B1E82C6E200F370EB /* Release */,
			);
			defaultConfigurationIsVisible = 0;
			defaultConfigurationName = Release;
		};
		B227311C1E82C6E200F370EB /* Build configuration list for PBXNativeTarget "BinaryCounter" */ = {
			isa = XCConfigurationList;
			buildConfigurations = (
				B227311D1E82C6E200F370EB /* Debug */,
				B227311E1E82C6E200F370EB /* Release */,
			);
			defaultConfigurationIsVisible = 0;
		};
/* End XCConfigurationList section */
	};
	rootObject = B22731021E82C6E100F370EB /* Project object */;
}
